
Microsoft Visual Studio Solution File, Format Version 12.00
# Visual Studio 2013
VisualStudioVersion = 12.0.40629.0
MinimumVisualStudioVersion = 10.0.40219.1
Project("{FAE04EC0-301F-11D3-BF4B-00C04F79EFBC}") = "TestFx.FakeItEasy", "src\TestFx.FakeItEasy\TestFx.FakeItEasy.csproj", "{C7F266E7-F9D5-4882-9F0F-D0C142535BCA}"
EndProject
Project("{2150E333-8FDC-42A3-9474-1A3956D46DE8}") = ".nuget", ".nuget", "{E1B03E07-7B86-4951-9182-710403937CB3}"
	ProjectSection(SolutionItems) = preProject
		.nuget\NuGet.Config = .nuget\NuGet.Config
		.nuget\packages.config = .nuget\packages.config
	EndProjectSection
EndProject
Project("{2150E333-8FDC-42A3-9474-1A3956D46DE8}") = ".nuspec", ".nuspec", "{38E0FF06-BB58-4322-97AE-ABAC49317E3B}"
	ProjectSection(SolutionItems) = preProject
		nuspec\TestFx.Core.nuspec = nuspec\TestFx.Core.nuspec
		nuspec\TestFx.FakeItEasy.nuspec = nuspec\TestFx.FakeItEasy.nuspec
		nuspec\TestFx.Farada.nuspec = nuspec\TestFx.Farada.nuspec
		nuspec\TestFx.ReSharper.8.2.nuspec_ = nuspec\TestFx.ReSharper.8.2.nuspec_
		nuspec\TestFx.ReSharper.9.0.nuspec_ = nuspec\TestFx.ReSharper.9.0.nuspec_
		nuspec\TestFx.ReSharper.9.1.nuspec = nuspec\TestFx.ReSharper.9.1.nuspec
		nuspec\TestFx.SpecK.nuspec = nuspec\TestFx.SpecK.nuspec
	EndProjectSection
EndProject
Project("{2150E333-8FDC-42A3-9474-1A3956D46DE8}") = ".misc", ".misc", "{1439387A-18D3-4058-88B6-C58AD853C80D}"
	ProjectSection(SolutionItems) = preProject
		.gitattributes = .gitattributes
		.gitignore = .gitignore
		src\Annotations.cs = src\Annotations.cs
		src\AssemblyInfoShared.cs = src\AssemblyInfoShared.cs
		CONTRIBUTING.md = CONTRIBUTING.md
		LICENSE = LICENSE
		README.md = README.md
	EndProjectSection
EndProject
Project("{2150E333-8FDC-42A3-9474-1A3956D46DE8}") = "ReSharper", "ReSharper", "{79DDE74A-B790-4CB2-8F4D-A8A6D546B55C}"
EndProject
Project("{2150E333-8FDC-42A3-9474-1A3956D46DE8}") = "Core", "Core", "{01FD6DA1-370A-4940-BB19-58E4D9462864}"
EndProject
Project("{2150E333-8FDC-42A3-9474-1A3956D46DE8}") = "Extensions", "Extensions", "{CAA446D8-5B3A-40B1-AC06-E0AB0FFCD409}"
EndProject
Project("{FAE04EC0-301F-11D3-BF4B-00C04F79EFBC}") = "TestFx.Console", "src\TestFx.Console\TestFx.Console.csproj", "{925E00FE-A346-4B5F-A249-E7B4A469DED6}"
EndProject
Project("{FAE04EC0-301F-11D3-BF4B-00C04F79EFBC}") = "TestFx.Core", "src\TestFx.Core\TestFx.Core.csproj", "{68456E60-C7A1-4B54-BB14-00063A03B7A3}"
EndProject
Project("{FAE04EC0-301F-11D3-BF4B-00C04F79EFBC}") = "TestFx.Farada", "src\TestFx.Farada\TestFx.Farada.csproj", "{D829BE92-9835-4B84-B6BA-6FE6AD8A3CCF}"
EndProject
Project("{2150E333-8FDC-42A3-9474-1A3956D46DE8}") = ".build", ".build", "{6B28D570-67CE-4E55-840F-979DCC5B553E}"
	ProjectSection(SolutionItems) = preProject
		Build.Shared.ps1 = Build.Shared.ps1
		Build.User.ps1 = Build.User.ps1
		shared\build\CleanOutput.ps1 = shared\build\CleanOutput.ps1
		shared\build\Compile.ps1 = shared\build\Compile.ps1
		shared\build\FullBuild.ps1 = shared\build\FullBuild.ps1
		shared\build\Inspect.ps1 = shared\build\Inspect.ps1
		shared\build\Package.ps1 = shared\build\Package.ps1
		shared\build\TestAndCover.ps1 = shared\build\TestAndCover.ps1
	EndProjectSection
EndProject
Project("{FAE04EC0-301F-11D3-BF4B-00C04F79EFBC}") = "TestFx.SpecK", "src\TestFx.SpecK\TestFx.SpecK.csproj", "{805BDCC2-3399-49AA-8443-D189AC477899}"
EndProject
Project("{FAE04EC0-301F-11D3-BF4B-00C04F79EFBC}") = "TestFx.SpecK.IntegrationTests", "src\TestFx.SpecK.IntegrationTests\TestFx.SpecK.IntegrationTests.csproj", "{87BF5389-C810-4A37-A0C4-B7F6EFA6D1E7}"
EndProject
Project("{FAE04EC0-301F-11D3-BF4B-00C04F79EFBC}") = "TestFx.ReSharper", "src\TestFx.ReSharper\TestFx.ReSharper.csproj", "{340CA0B3-563A-47DA-858D-2CF4FEAF12B3}"
EndProject
Project("{FAE04EC0-301F-11D3-BF4B-00C04F79EFBC}") = "TestFx.ReSharper.Runner", "src\TestFx.ReSharper.Runner\TestFx.ReSharper.Runner.csproj", "{B33814B8-345A-4C20-8B23-8F34AFD04FF0}"
EndProject
Project("{FAE04EC0-301F-11D3-BF4B-00C04F79EFBC}") = "TestFx.MSpec", "src\TestFx.MSpec\TestFx.MSpec.csproj", "{695BF7A4-9A29-4A7D-B3FA-917BA8779AAE}"
EndProject
Project("{FAE04EC0-301F-11D3-BF4B-00C04F79EFBC}") = "TestFx.MSpec.IntegrationTests", "TestFx.MSpec.IntegrationTests\TestFx.MSpec.IntegrationTests.csproj", "{417CF141-CBB5-42E3-B36D-D3D317DCA295}"
EndProject
Global
	GlobalSection(SolutionConfigurationPlatforms) = preSolution
		Debug|Any CPU = Debug|Any CPU
		Release|Any CPU = Release|Any CPU
	EndGlobalSection
	GlobalSection(ProjectConfigurationPlatforms) = postSolution
		{C7F266E7-F9D5-4882-9F0F-D0C142535BCA}.Debug|Any CPU.ActiveCfg = Debug|Any CPU
		{C7F266E7-F9D5-4882-9F0F-D0C142535BCA}.Debug|Any CPU.Build.0 = Debug|Any CPU
		{C7F266E7-F9D5-4882-9F0F-D0C142535BCA}.Release|Any CPU.ActiveCfg = Release|Any CPU
		{C7F266E7-F9D5-4882-9F0F-D0C142535BCA}.Release|Any CPU.Build.0 = Release|Any CPU
		{925E00FE-A346-4B5F-A249-E7B4A469DED6}.Debug|Any CPU.ActiveCfg = Debug|Any CPU
		{925E00FE-A346-4B5F-A249-E7B4A469DED6}.Debug|Any CPU.Build.0 = Debug|Any CPU
		{925E00FE-A346-4B5F-A249-E7B4A469DED6}.Release|Any CPU.ActiveCfg = Release|Any CPU
		{925E00FE-A346-4B5F-A249-E7B4A469DED6}.Release|Any CPU.Build.0 = Release|Any CPU
		{68456E60-C7A1-4B54-BB14-00063A03B7A3}.Debug|Any CPU.ActiveCfg = Debug|Any CPU
		{68456E60-C7A1-4B54-BB14-00063A03B7A3}.Debug|Any CPU.Build.0 = Debug|Any CPU
		{68456E60-C7A1-4B54-BB14-00063A03B7A3}.Release|Any CPU.ActiveCfg = Release|Any CPU
		{68456E60-C7A1-4B54-BB14-00063A03B7A3}.Release|Any CPU.Build.0 = Release|Any CPU
		{B33814B8-345A-4C20-8B23-8F34AFD04FF0}.Debug|Any CPU.ActiveCfg = Debug|Any CPU
		{B33814B8-345A-4C20-8B23-8F34AFD04FF0}.Debug|Any CPU.Build.0 = Debug|Any CPU
		{B33814B8-345A-4C20-8B23-8F34AFD04FF0}.Release|Any CPU.ActiveCfg = Release|Any CPU
		{B33814B8-345A-4C20-8B23-8F34AFD04FF0}.Release|Any CPU.Build.0 = Release|Any CPU
		{340CA0B3-563A-47DA-858D-2CF4FEAF12B3}.Debug|Any CPU.ActiveCfg = Debug|Any CPU
		{340CA0B3-563A-47DA-858D-2CF4FEAF12B3}.Debug|Any CPU.Build.0 = Debug|Any CPU
		{340CA0B3-563A-47DA-858D-2CF4FEAF12B3}.Release|Any CPU.ActiveCfg = Release|Any CPU
		{340CA0B3-563A-47DA-858D-2CF4FEAF12B3}.Release|Any CPU.Build.0 = Release|Any CPU
		{D829BE92-9835-4B84-B6BA-6FE6AD8A3CCF}.Debug|Any CPU.ActiveCfg = Debug|Any CPU
		{D829BE92-9835-4B84-B6BA-6FE6AD8A3CCF}.Debug|Any CPU.Build.0 = Debug|Any CPU
		{D829BE92-9835-4B84-B6BA-6FE6AD8A3CCF}.Release|Any CPU.ActiveCfg = Release|Any CPU
		{D829BE92-9835-4B84-B6BA-6FE6AD8A3CCF}.Release|Any CPU.Build.0 = Release|Any CPU
		{805BDCC2-3399-49AA-8443-D189AC477899}.Debug|Any CPU.ActiveCfg = Debug|Any CPU
		{805BDCC2-3399-49AA-8443-D189AC477899}.Debug|Any CPU.Build.0 = Debug|Any CPU
		{805BDCC2-3399-49AA-8443-D189AC477899}.Release|Any CPU.ActiveCfg = Release|Any CPU
		{805BDCC2-3399-49AA-8443-D189AC477899}.Release|Any CPU.Build.0 = Release|Any CPU
		{87BF5389-C810-4A37-A0C4-B7F6EFA6D1E7}.Debug|Any CPU.ActiveCfg = Debug|Any CPU
		{87BF5389-C810-4A37-A0C4-B7F6EFA6D1E7}.Debug|Any CPU.Build.0 = Debug|Any CPU
		{87BF5389-C810-4A37-A0C4-B7F6EFA6D1E7}.Release|Any CPU.ActiveCfg = Release|Any CPU
		{87BF5389-C810-4A37-A0C4-B7F6EFA6D1E7}.Release|Any CPU.Build.0 = Release|Any CPU
		{340CA0B3-563A-47DA-858D-2CF4FEAF12B3}.Debug|Any CPU.ActiveCfg = Debug|Any CPU
		{340CA0B3-563A-47DA-858D-2CF4FEAF12B3}.Debug|Any CPU.Build.0 = Debug|Any CPU
		{340CA0B3-563A-47DA-858D-2CF4FEAF12B3}.Release|Any CPU.ActiveCfg = Release|Any CPU
		{340CA0B3-563A-47DA-858D-2CF4FEAF12B3}.Release|Any CPU.Build.0 = Release|Any CPU
		{B33814B8-345A-4C20-8B23-8F34AFD04FF0}.Debug|Any CPU.ActiveCfg = Debug|Any CPU
		{B33814B8-345A-4C20-8B23-8F34AFD04FF0}.Debug|Any CPU.Build.0 = Debug|Any CPU
		{B33814B8-345A-4C20-8B23-8F34AFD04FF0}.Release|Any CPU.ActiveCfg = Release|Any CPU
		{B33814B8-345A-4C20-8B23-8F34AFD04FF0}.Release|Any CPU.Build.0 = Release|Any CPU
	EndGlobalSection
	GlobalSection(SolutionProperties) = preSolution
		HideSolutionNode = FALSE
	EndGlobalSection
	GlobalSection(NestedProjects) = preSolution
		{C7F266E7-F9D5-4882-9F0F-D0C142535BCA} = {CAA446D8-5B3A-40B1-AC06-E0AB0FFCD409}
		{925E00FE-A346-4B5F-A249-E7B4A469DED6} = {01FD6DA1-370A-4940-BB19-58E4D9462864}
		{68456E60-C7A1-4B54-BB14-00063A03B7A3} = {01FD6DA1-370A-4940-BB19-58E4D9462864}
		{B33814B8-345A-4C20-8B23-8F34AFD04FF0} = {79DDE74A-B790-4CB2-8F4D-A8A6D546B55C}
		{340CA0B3-563A-47DA-858D-2CF4FEAF12B3} = {79DDE74A-B790-4CB2-8F4D-A8A6D546B55C}
		{D829BE92-9835-4B84-B6BA-6FE6AD8A3CCF} = {CAA446D8-5B3A-40B1-AC06-E0AB0FFCD409}
		{805BDCC2-3399-49AA-8443-D189AC477899} = {CAA446D8-5B3A-40B1-AC06-E0AB0FFCD409}
		{87BF5389-C810-4A37-A0C4-B7F6EFA6D1E7} = {CAA446D8-5B3A-40B1-AC06-E0AB0FFCD409}
		{340CA0B3-563A-47DA-858D-2CF4FEAF12B3} = {79DDE74A-B790-4CB2-8F4D-A8A6D546B55C}
		{B33814B8-345A-4C20-8B23-8F34AFD04FF0} = {79DDE74A-B790-4CB2-8F4D-A8A6D546B55C}
	EndGlobalSection
EndGlobal
