
Microsoft Visual Studio Solution File, Format Version 12.00
# Visual Studio 2013
VisualStudioVersion = 12.0.30110.0
MinimumVisualStudioVersion = 10.0.40219.1
Project("{FAE04EC0-301F-11D3-BF4B-00C04F79EFBC}") = "TestFx", "src\TestFx\TestFx.csproj", "{68456E60-C7A1-4B54-BB14-00063A03B7A3}"
EndProject
Project("{FAE04EC0-301F-11D3-BF4B-00C04F79EFBC}") = "TestFx.Utilities", "src\TestFx.Utilities\TestFx.Utilities.csproj", "{86730939-7F40-4FF4-BCEC-39833FAAEF97}"
EndProject
Project("{2150E333-8FDC-42A3-9474-1A3956D46DE8}") = "src", "src", "{82F18DFD-4164-4D68-8C1B-7E79CFC46B63}"
	ProjectSection(SolutionItems) = preProject
		src\Annotations.cs = src\Annotations.cs
		src\AssemblyInfoShared.cs = src\AssemblyInfoShared.cs
	EndProjectSection
EndProject
Project("{FAE04EC0-301F-11D3-BF4B-00C04F79EFBC}") = "TestFx.FakeItEasy", "src\TestFx.FakeItEasy\TestFx.FakeItEasy.csproj", "{C7F266E7-F9D5-4882-9F0F-D0C142535BCA}"
EndProject
Project("{FAE04EC0-301F-11D3-BF4B-00C04F79EFBC}") = "TestFx.ReSharper.8.2", "src\TestFx.ReSharper\TestFx.ReSharper.8.2.csproj", "{86B0E079-CD92-4E21-B3FE-7CEEB63E4FA0}"
EndProject
Project("{FAE04EC0-301F-11D3-BF4B-00C04F79EFBC}") = "TestFx.ReSharper.Runner.8.2", "src\TestFx.ReSharper.Runner\TestFx.ReSharper.Runner.8.2.csproj", "{4DDEA643-E79F-450B-B67D-4B681F396524}"
EndProject
Project("{FAE04EC0-301F-11D3-BF4B-00C04F79EFBC}") = "TestFx.Specifications.IntegrationTests", "src\TestFx.Specifications.IntegrationTests\TestFx.Specifications.IntegrationTests.csproj", "{87BF5389-C810-4A37-A0C4-B7F6EFA6D1E7}"
EndProject
Project("{FAE04EC0-301F-11D3-BF4B-00C04F79EFBC}") = "TestFx.Specifications", "src\TestFx.Specifications\TestFx.Specifications.csproj", "{805BDCC2-3399-49AA-8443-D189AC477899}"
EndProject
Project("{2150E333-8FDC-42A3-9474-1A3956D46DE8}") = ".nuget", ".nuget", "{E1B03E07-7B86-4951-9182-710403937CB3}"
	ProjectSection(SolutionItems) = preProject
		.nuget\NuGet.Config = .nuget\NuGet.Config
		.nuget\packages.config = .nuget\packages.config
	EndProjectSection
EndProject
Project("{2150E333-8FDC-42A3-9474-1A3956D46DE8}") = "nuspec", "nuspec", "{38E0FF06-BB58-4322-97AE-ABAC49317E3B}"
	ProjectSection(SolutionItems) = preProject
		nuspec\TestFx.FakeItEasy.nuspec = nuspec\TestFx.FakeItEasy.nuspec
		nuspec\TestFx.nuspec = nuspec\TestFx.nuspec
		nuspec\TestFx.ReSharper.8.2.nuspec = nuspec\TestFx.ReSharper.8.2.nuspec
		nuspec\TestFx.ReSharper.9.0.nuspec = nuspec\TestFx.ReSharper.9.0.nuspec
		nuspec\TestFx.Specifications.nuspec = nuspec\TestFx.Specifications.nuspec
	EndProjectSection
EndProject
Project("{2150E333-8FDC-42A3-9474-1A3956D46DE8}") = "misc", "misc", "{1439387A-18D3-4058-88B6-C58AD853C80D}"
	ProjectSection(SolutionItems) = preProject
		.gitattributes = .gitattributes
		.gitignore = .gitignore
		Build.cmd = Build.cmd
		Build.ps1 = Build.ps1
		CONTRIBUTING.md = CONTRIBUTING.md
		LICENSE = LICENSE
		README.md = README.md
		TestFx.ico = TestFx.ico
	EndProjectSection
EndProject
Project("{FAE04EC0-301F-11D3-BF4B-00C04F79EFBC}") = "TestFx.ReSharper.Runner.9.0", "src\TestFx.ReSharper.Runner\TestFx.ReSharper.Runner.9.0.csproj", "{ECBD9877-3289-48B3-94FB-581BCA0A8DB6}"
EndProject
Project("{FAE04EC0-301F-11D3-BF4B-00C04F79EFBC}") = "TestFx.ReSharper.9.0", "src\TestFx.ReSharper\TestFx.ReSharper.9.0.csproj", "{2E07F09C-6F66-4D74-A942-0A0FE70BF5F5}"
EndProject
Project("{2150E333-8FDC-42A3-9474-1A3956D46DE8}") = "ReSharper", "ReSharper", "{79DDE74A-B790-4CB2-8F4D-A8A6D546B55C}"
EndProject
Project("{2150E333-8FDC-42A3-9474-1A3956D46DE8}") = "Core", "Core", "{01FD6DA1-370A-4940-BB19-58E4D9462864}"
EndProject
Project("{2150E333-8FDC-42A3-9474-1A3956D46DE8}") = "Extensions", "Extensions", "{CAA446D8-5B3A-40B1-AC06-E0AB0FFCD409}"
EndProject
Global
	GlobalSection(SolutionConfigurationPlatforms) = preSolution
		Debug|Any CPU = Debug|Any CPU
		Release|Any CPU = Release|Any CPU
	EndGlobalSection
	GlobalSection(ProjectConfigurationPlatforms) = postSolution
		{68456E60-C7A1-4B54-BB14-00063A03B7A3}.Debug|Any CPU.ActiveCfg = Debug|Any CPU
		{68456E60-C7A1-4B54-BB14-00063A03B7A3}.Debug|Any CPU.Build.0 = Debug|Any CPU
		{68456E60-C7A1-4B54-BB14-00063A03B7A3}.Release|Any CPU.ActiveCfg = Release|Any CPU
		{68456E60-C7A1-4B54-BB14-00063A03B7A3}.Release|Any CPU.Build.0 = Release|Any CPU
		{86730939-7F40-4FF4-BCEC-39833FAAEF97}.Debug|Any CPU.ActiveCfg = Debug|Any CPU
		{86730939-7F40-4FF4-BCEC-39833FAAEF97}.Debug|Any CPU.Build.0 = Debug|Any CPU
		{86730939-7F40-4FF4-BCEC-39833FAAEF97}.Release|Any CPU.ActiveCfg = Release|Any CPU
		{86730939-7F40-4FF4-BCEC-39833FAAEF97}.Release|Any CPU.Build.0 = Release|Any CPU
		{C7F266E7-F9D5-4882-9F0F-D0C142535BCA}.Debug|Any CPU.ActiveCfg = Debug|Any CPU
		{C7F266E7-F9D5-4882-9F0F-D0C142535BCA}.Debug|Any CPU.Build.0 = Debug|Any CPU
		{C7F266E7-F9D5-4882-9F0F-D0C142535BCA}.Release|Any CPU.ActiveCfg = Release|Any CPU
		{C7F266E7-F9D5-4882-9F0F-D0C142535BCA}.Release|Any CPU.Build.0 = Release|Any CPU
		{86B0E079-CD92-4E21-B3FE-7CEEB63E4FA0}.Debug|Any CPU.ActiveCfg = Debug|Any CPU
		{86B0E079-CD92-4E21-B3FE-7CEEB63E4FA0}.Debug|Any CPU.Build.0 = Debug|Any CPU
		{86B0E079-CD92-4E21-B3FE-7CEEB63E4FA0}.Release|Any CPU.ActiveCfg = Release|Any CPU
		{86B0E079-CD92-4E21-B3FE-7CEEB63E4FA0}.Release|Any CPU.Build.0 = Release|Any CPU
		{4DDEA643-E79F-450B-B67D-4B681F396524}.Debug|Any CPU.ActiveCfg = Debug|Any CPU
		{4DDEA643-E79F-450B-B67D-4B681F396524}.Debug|Any CPU.Build.0 = Debug|Any CPU
		{4DDEA643-E79F-450B-B67D-4B681F396524}.Release|Any CPU.ActiveCfg = Release|Any CPU
		{4DDEA643-E79F-450B-B67D-4B681F396524}.Release|Any CPU.Build.0 = Release|Any CPU
		{87BF5389-C810-4A37-A0C4-B7F6EFA6D1E7}.Debug|Any CPU.ActiveCfg = Debug|Any CPU
		{87BF5389-C810-4A37-A0C4-B7F6EFA6D1E7}.Debug|Any CPU.Build.0 = Debug|Any CPU
		{87BF5389-C810-4A37-A0C4-B7F6EFA6D1E7}.Release|Any CPU.ActiveCfg = Release|Any CPU
		{87BF5389-C810-4A37-A0C4-B7F6EFA6D1E7}.Release|Any CPU.Build.0 = Release|Any CPU
		{805BDCC2-3399-49AA-8443-D189AC477899}.Debug|Any CPU.ActiveCfg = Debug|Any CPU
		{805BDCC2-3399-49AA-8443-D189AC477899}.Debug|Any CPU.Build.0 = Debug|Any CPU
		{805BDCC2-3399-49AA-8443-D189AC477899}.Release|Any CPU.ActiveCfg = Release|Any CPU
		{805BDCC2-3399-49AA-8443-D189AC477899}.Release|Any CPU.Build.0 = Release|Any CPU
		{ECBD9877-3289-48B3-94FB-581BCA0A8DB6}.Debug|Any CPU.ActiveCfg = Debug|Any CPU
		{ECBD9877-3289-48B3-94FB-581BCA0A8DB6}.Debug|Any CPU.Build.0 = Debug|Any CPU
		{ECBD9877-3289-48B3-94FB-581BCA0A8DB6}.Release|Any CPU.ActiveCfg = Release|Any CPU
		{ECBD9877-3289-48B3-94FB-581BCA0A8DB6}.Release|Any CPU.Build.0 = Release|Any CPU
		{2E07F09C-6F66-4D74-A942-0A0FE70BF5F5}.Debug|Any CPU.ActiveCfg = Debug|Any CPU
		{2E07F09C-6F66-4D74-A942-0A0FE70BF5F5}.Debug|Any CPU.Build.0 = Debug|Any CPU
		{2E07F09C-6F66-4D74-A942-0A0FE70BF5F5}.Release|Any CPU.ActiveCfg = Release|Any CPU
		{2E07F09C-6F66-4D74-A942-0A0FE70BF5F5}.Release|Any CPU.Build.0 = Release|Any CPU
	EndGlobalSection
	GlobalSection(SolutionProperties) = preSolution
		HideSolutionNode = FALSE
	EndGlobalSection
	GlobalSection(NestedProjects) = preSolution
		{79DDE74A-B790-4CB2-8F4D-A8A6D546B55C} = {82F18DFD-4164-4D68-8C1B-7E79CFC46B63}
		{01FD6DA1-370A-4940-BB19-58E4D9462864} = {82F18DFD-4164-4D68-8C1B-7E79CFC46B63}
		{CAA446D8-5B3A-40B1-AC06-E0AB0FFCD409} = {82F18DFD-4164-4D68-8C1B-7E79CFC46B63}
		{86B0E079-CD92-4E21-B3FE-7CEEB63E4FA0} = {79DDE74A-B790-4CB2-8F4D-A8A6D546B55C}
		{2E07F09C-6F66-4D74-A942-0A0FE70BF5F5} = {79DDE74A-B790-4CB2-8F4D-A8A6D546B55C}
		{4DDEA643-E79F-450B-B67D-4B681F396524} = {79DDE74A-B790-4CB2-8F4D-A8A6D546B55C}
		{ECBD9877-3289-48B3-94FB-581BCA0A8DB6} = {79DDE74A-B790-4CB2-8F4D-A8A6D546B55C}
		{86730939-7F40-4FF4-BCEC-39833FAAEF97} = {01FD6DA1-370A-4940-BB19-58E4D9462864}
		{68456E60-C7A1-4B54-BB14-00063A03B7A3} = {01FD6DA1-370A-4940-BB19-58E4D9462864}
		{805BDCC2-3399-49AA-8443-D189AC477899} = {CAA446D8-5B3A-40B1-AC06-E0AB0FFCD409}
		{87BF5389-C810-4A37-A0C4-B7F6EFA6D1E7} = {CAA446D8-5B3A-40B1-AC06-E0AB0FFCD409}
		{C7F266E7-F9D5-4882-9F0F-D0C142535BCA} = {CAA446D8-5B3A-40B1-AC06-E0AB0FFCD409}
	EndGlobalSection
EndGlobal
